directories:
  modules: .wippy/vendor
  src: src
modules:
- name: keeper/keeper
  version: v0.3.4
  hash: 019a7b7b-0ed3-7622-b924-ccf0de5f460e
- name: userspace/userspace
  version: 0.3.4
  hash: 019a5e1f-7af2-71bf-b91c-4258d9fb624d
- name: wippy/actor
  version: v0.3.12
  hash: 019a9c76-1f1d-7ba3-b9f3-9f7b009d5f8a
- name: wippy/agent
  version: v0.3.12
  hash: 019a9c76-1d2c-7b9a-a368-6ca3ca4d4fc7
- name: wippy/bootloader
  version: v0.3.12
  hash: 019a9c76-1210-7b8e-ab0c-c46d1b6ee405
- name: wippy/dataflow
  version: v0.3.7
  hash: 019a6f23-29e2-7660-a837-99525276a044
- name: wippy/docs
  version: v0.3.12
  hash: 019a9c76-123b-7c1c-a699-0b61f3614c33
- name: wippy/embeddings
  version: v0.3.0
  hash: 0199c476-fe45-7753-89e5-50276206c788
- name: wippy/llm
  version: v0.3.12
  hash: 019a9c76-1f0b-7246-8bae-636a5084e913
- name: wippy/migration
  version: v0.3.12
  hash: 019a9c76-22f5-7150-a863-646e8a020442
- name: wippy/relay
  version: v0.3.12
  hash: 019a9c76-15bf-7afc-940e-ccc1161740fa
- name: wippy/security
  version: v0.3.12
  hash: 019a9c76-1d24-7895-86dc-f60cec7bafa0
- name: wippy/session
  version: v0.3.5
  hash: 019a5f1f-75c0-7d51-a29d-6773e605d3ab
- name: wippy/test
  version: v0.3.12
  hash: 019a9c76-1f93-769a-823c-8aeaff0565cb
- name: wippy/usage
  version: v0.3.12
  hash: 019a9c76-1bdb-7d54-a9c8-a1201fd3eb01
- name: wippy/views
  version: v0.3.12
  hash: 019a9c76-11dd-70d9-8bd8-44f1e9160082
