directories:
  modules: .wippy/vendor
  src: src
modules:
- name: keeper/keeper
  version: 0.2.2
  hash: 019a06d7-ee21-7ad8-8560-80710a795e53
- name: userspace/userspace
  version: 0.3.1
  hash: 019a06d6-b77c-741f-9805-9506f4bb8e2d
- name: wippy/actor
  version: v0.3.5
  hash: 019a01d3-c129-7799-83a3-a424fafa0550
- name: wippy/agent
  version: v0.3.5
  hash: 019a01d3-c174-7944-bb37-8a3ab21972ab
- name: wippy/bootloader
  version: v0.3.5
  hash: 019a01d3-bd50-7866-ac79-93ca59b1250e
- name: wippy/dataflow
  version: v0.3.0
  hash: 019a06c7-d61c-78ea-99ac-ff271b6ff830
- name: wippy/docs
  version: v0.3.5
  hash: 019a01d3-c22e-7d05-9f44-5b10a27bd78f
- name: wippy/embeddings
  version: v0.3.0
  hash: 0199c476-fe45-7753-89e5-50276206c788
- name: wippy/llm
  version: v0.3.5
  hash: 019a01d3-bb02-73e0-a644-85cdca8c9446
- name: wippy/migration
  version: v0.3.5
  hash: 019a01d3-ba42-7ee0-b954-5e679442b13d
- name: wippy/relay
  version: v0.3.5
  hash: 019a01d3-c19f-701f-aee3-3ef22cade406
- name: wippy/security
  version: v0.3.5
  hash: 019a01d3-bc00-7e5a-bd3a-6f12958c15b6
- name: wippy/session
  version: v0.3.2
  hash: 0199e939-368f-7785-91ec-3f5e6c2d46e7
- name: wippy/test
  version: v0.3.5
  hash: 019a01d3-bf9c-7d2a-a530-12fed2c9be57
- name: wippy/usage
  version: v0.3.5
  hash: 019a01d3-c284-7d9d-9764-6558d4b0b114
- name: wippy/views
  version: v0.3.5
  hash: 019a01d3-b755-72f1-a65b-02f060be303c
